// !$*UTF8*$!
{
	archiveVersion = 1;
	classes = {
	};
	objectVersion = 56;
	objects = {

/* Begin PBXBuildFile section */
		E9F8BB9E2A2B919D0028FFB4 /* SwiftUI_CoordinatorApp.swift in Sources */ = {isa = PBXBuildFile; fileRef = E9F8BB9D2A2B919D0028FFB4 /* SwiftUI_CoordinatorApp.swift */; };
		E9F8BBA02A2B919D0028FFB4 /* ContentView.swift in Sources */ = {isa = PBXBuildFile; fileRef = E9F8BB9F2A2B919D0028FFB4 /* ContentView.swift */; };
		E9F8BBA22A2B919F0028FFB4 /* Assets.xcassets in Resources */ = {isa = PBXBuildFile; fileRef = E9F8BBA12A2B919F0028FFB4 /* Assets.xcassets */; };
		E9F8BBA52A2B919F0028FFB4 /* Preview Assets.xcassets in Resources */ = {isa = PBXBuildFile; fileRef = E9F8BBA42A2B919F0028FFB4 /* Preview Assets.xcassets */; };
		E9F8BBAD2A2B961B0028FFB4 /* HomeCoordinator.swift in Sources */ = {isa = PBXBuildFile; fileRef = E9F8BBAC2A2B961B0028FFB4 /* HomeCoordinator.swift */; };
		E9F8BBB02A2B99940028FFB4 /* HomeView.swift in Sources */ = {isa = PBXBuildFile; fileRef = E9F8BBAF2A2B99940028FFB4 /* HomeView.swift */; };
		E9F8BBB32A2B9A860028FFB4 /* HomeRouter.swift in Sources */ = {isa = PBXBuildFile; fileRef = E9F8BBB22A2B9A860028FFB4 /* HomeRouter.swift */; };
		E9F8BBB62A2B9C320028FFB4 /* HomeViewModel.swift in Sources */ = {isa = PBXBuildFile; fileRef = E9F8BBB52A2B9C320028FFB4 /* HomeViewModel.swift */; };
		E9F8BBB92A2BA57D0028FFB4 /* PurchaseView.swift in Sources */ = {isa = PBXBuildFile; fileRef = E9F8BBB82A2BA57D0028FFB4 /* PurchaseView.swift */; };
		E9F8BBBB2A2BA5850028FFB4 /* PurchaseViewModel.swift in Sources */ = {isa = PBXBuildFile; fileRef = E9F8BBBA2A2BA5850028FFB4 /* PurchaseViewModel.swift */; };
		E9F8BBBE2A2CA81B0028FFB4 /* LoginView.swift in Sources */ = {isa = PBXBuildFile; fileRef = E9F8BBBD2A2CA81B0028FFB4 /* LoginView.swift */; };
		E9F8BBC02A2CA8230028FFB4 /* LoginViewModel.swift in Sources */ = {isa = PBXBuildFile; fileRef = E9F8BBBF2A2CA8230028FFB4 /* LoginViewModel.swift */; };
		E9F8BBC32A2CAE200028FFB4 /* ProfileView.swift in Sources */ = {isa = PBXBuildFile; fileRef = E9F8BBC22A2CAE200028FFB4 /* ProfileView.swift */; };
		E9F8BBC52A2CAE270028FFB4 /* ProfileViewModel.swift in Sources */ = {isa = PBXBuildFile; fileRef = E9F8BBC42A2CAE270028FFB4 /* ProfileViewModel.swift */; };
		E9F8BBC82A2CF3A50028FFB4 /* ProfileCoordinator.swift in Sources */ = {isa = PBXBuildFile; fileRef = E9F8BBC72A2CF3A50028FFB4 /* ProfileCoordinator.swift */; };
		E9F8BBCA2A2CF3AE0028FFB4 /* ProfileRouter.swift in Sources */ = {isa = PBXBuildFile; fileRef = E9F8BBC92A2CF3AE0028FFB4 /* ProfileRouter.swift */; };
		E9F8BBCC2A2CF4EC0028FFB4 /* Router.swift in Sources */ = {isa = PBXBuildFile; fileRef = E9F8BBCB2A2CF4EC0028FFB4 /* Router.swift */; };
		E9F8BBCF2A2CFDF80028FFB4 /* ContactView.swift in Sources */ = {isa = PBXBuildFile; fileRef = E9F8BBCE2A2CFDF80028FFB4 /* ContactView.swift */; };
		E9F8BBD12A2CFDFF0028FFB4 /* ContactViewModel.swift in Sources */ = {isa = PBXBuildFile; fileRef = E9F8BBD02A2CFDFF0028FFB4 /* ContactViewModel.swift */; };
		E9F8BBD72A2CFFA00028FFB4 /* NewsCoordinator.swift in Sources */ = {isa = PBXBuildFile; fileRef = E9F8BBD62A2CFFA00028FFB4 /* NewsCoordinator.swift */; };
		E9F8BBD92A2CFFAB0028FFB4 /* NewsRouter.swift in Sources */ = {isa = PBXBuildFile; fileRef = E9F8BBD82A2CFFAB0028FFB4 /* NewsRouter.swift */; };
		E9F8BBDC2A2D009E0028FFB4 /* NewsView.swift in Sources */ = {isa = PBXBuildFile; fileRef = E9F8BBDB2A2D009E0028FFB4 /* NewsView.swift */; };
		E9F8BBDE2A2D00A50028FFB4 /* NewsViewModel.swift in Sources */ = {isa = PBXBuildFile; fileRef = E9F8BBDD2A2D00A50028FFB4 /* NewsViewModel.swift */; };
		E9F8BBE12A2D015C0028FFB4 /* NotificationView.swift in Sources */ = {isa = PBXBuildFile; fileRef = E9F8BBE02A2D015C0028FFB4 /* NotificationView.swift */; };
		E9F8BBE32A2D01630028FFB4 /* NotificationViewModel.swift in Sources */ = {isa = PBXBuildFile; fileRef = E9F8BBE22A2D01630028FFB4 /* NotificationViewModel.swift */; };
/* End PBXBuildFile section */

/* Begin PBXFileReference section */
		E9F8BB9A2A2B919D0028FFB4 /* SwiftUI-Coordinator.app */ = {isa = PBXFileReference; explicitFileType = wrapper.application; includeInIndex = 0; path = "SwiftUI-Coordinator.app"; sourceTree = BUILT_PRODUCTS_DIR; };
		E9F8BB9D2A2B919D0028FFB4 /* SwiftUI_CoordinatorApp.swift */ = {isa = PBXFileReference; lastKnownFileType = sourcecode.swift; path = SwiftUI_CoordinatorApp.swift; sourceTree = "<group>"; };
		E9F8BB9F2A2B919D0028FFB4 /* ContentView.swift */ = {isa = PBXFileReference; lastKnownFileType = sourcecode.swift; path = ContentView.swift; sourceTree = "<group>"; };
		E9F8BBA12A2B919F0028FFB4 /* Assets.xcassets */ = {isa = PBXFileReference; lastKnownFileType = folder.assetcatalog; path = Assets.xcassets; sourceTree = "<group>"; };
		E9F8BBA42A2B919F0028FFB4 /* Preview Assets.xcassets */ = {isa = PBXFileReference; lastKnownFileType = folder.assetcatalog; path = "Preview Assets.xcassets"; sourceTree = "<group>"; };
		E9F8BBAC2A2B961B0028FFB4 /* HomeCoordinator.swift */ = {isa = PBXFileReference; lastKnownFileType = sourcecode.swift; path = HomeCoordinator.swift; sourceTree = "<group>"; };
		E9F8BBAF2A2B99940028FFB4 /* HomeView.swift */ = {isa = PBXFileReference; lastKnownFileType = sourcecode.swift; path = HomeView.swift; sourceTree = "<group>"; };
		E9F8BBB22A2B9A860028FFB4 /* HomeRouter.swift */ = {isa = PBXFileReference; lastKnownFileType = sourcecode.swift; path = HomeRouter.swift; sourceTree = "<group>"; };
		E9F8BBB52A2B9C320028FFB4 /* HomeViewModel.swift */ = {isa = PBXFileReference; lastKnownFileType = sourcecode.swift; path = HomeViewModel.swift; sourceTree = "<group>"; };
		E9F8BBB82A2BA57D0028FFB4 /* PurchaseView.swift */ = {isa = PBXFileReference; lastKnownFileType = sourcecode.swift; path = PurchaseView.swift; sourceTree = "<group>"; };
		E9F8BBBA2A2BA5850028FFB4 /* PurchaseViewModel.swift */ = {isa = PBXFileReference; lastKnownFileType = sourcecode.swift; path = PurchaseViewModel.swift; sourceTree = "<group>"; };
		E9F8BBBD2A2CA81B0028FFB4 /* LoginView.swift */ = {isa = PBXFileReference; lastKnownFileType = sourcecode.swift; path = LoginView.swift; sourceTree = "<group>"; };
		E9F8BBBF2A2CA8230028FFB4 /* LoginViewModel.swift */ = {isa = PBXFileReference; lastKnownFileType = sourcecode.swift; path = LoginViewModel.swift; sourceTree = "<group>"; };
		E9F8BBC22A2CAE200028FFB4 /* ProfileView.swift */ = {isa = PBXFileReference; lastKnownFileType = sourcecode.swift; path = ProfileView.swift; sourceTree = "<group>"; };
		E9F8BBC42A2CAE270028FFB4 /* ProfileViewModel.swift */ = {isa = PBXFileReference; lastKnownFileType = sourcecode.swift; path = ProfileViewModel.swift; sourceTree = "<group>"; };
		E9F8BBC72A2CF3A50028FFB4 /* ProfileCoordinator.swift */ = {isa = PBXFileReference; lastKnownFileType = sourcecode.swift; path = ProfileCoordinator.swift; sourceTree = "<group>"; };
		E9F8BBC92A2CF3AE0028FFB4 /* ProfileRouter.swift */ = {isa = PBXFileReference; lastKnownFileType = sourcecode.swift; path = ProfileRouter.swift; sourceTree = "<group>"; };
		E9F8BBCB2A2CF4EC0028FFB4 /* Router.swift */ = {isa = PBXFileReference; lastKnownFileType = sourcecode.swift; path = Router.swift; sourceTree = "<group>"; };
		E9F8BBCE2A2CFDF80028FFB4 /* ContactView.swift */ = {isa = PBXFileReference; lastKnownFileType = sourcecode.swift; path = ContactView.swift; sourceTree = "<group>"; };
		E9F8BBD02A2CFDFF0028FFB4 /* ContactViewModel.swift */ = {isa = PBXFileReference; lastKnownFileType = sourcecode.swift; path = ContactViewModel.swift; sourceTree = "<group>"; };
		E9F8BBD62A2CFFA00028FFB4 /* NewsCoordinator.swift */ = {isa = PBXFileReference; lastKnownFileType = sourcecode.swift; path = NewsCoordinator.swift; sourceTree = "<group>"; };
		E9F8BBD82A2CFFAB0028FFB4 /* NewsRouter.swift */ = {isa = PBXFileReference; lastKnownFileType = sourcecode.swift; path = NewsRouter.swift; sourceTree = "<group>"; };
		E9F8BBDB2A2D009E0028FFB4 /* NewsView.swift */ = {isa = PBXFileReference; lastKnownFileType = sourcecode.swift; path = NewsView.swift; sourceTree = "<group>"; };
		E9F8BBDD2A2D00A50028FFB4 /* NewsViewModel.swift */ = {isa = PBXFileReference; lastKnownFileType = sourcecode.swift; path = NewsViewModel.swift; sourceTree = "<group>"; };
		E9F8BBE02A2D015C0028FFB4 /* NotificationView.swift */ = {isa = PBXFileReference; lastKnownFileType = sourcecode.swift; path = NotificationView.swift; sourceTree = "<group>"; };
		E9F8BBE22A2D01630028FFB4 /* NotificationViewModel.swift */ = {isa = PBXFileReference; lastKnownFileType = sourcecode.swift; path = NotificationViewModel.swift; sourceTree = "<group>"; };
/* End PBXFileReference section */

/* Begin PBXFrameworksBuildPhase section */
		E9F8BB972A2B919D0028FFB4 /* Frameworks */ = {
			isa = PBXFrameworksBuildPhase;
			buildActionMask = 2147483647;
			files = (
			);
			runOnlyForDeploymentPostprocessing = 0;
		};
/* End PBXFrameworksBuildPhase section */

/* Begin PBXGroup section */
		E9F8BB912A2B919D0028FFB4 = {
			isa = PBXGroup;
			children = (
				E9F8BB9C2A2B919D0028FFB4 /* SwiftUI-Coordinator */,
				E9F8BB9B2A2B919D0028FFB4 /* Products */,
			);
			sourceTree = "<group>";
		};
		E9F8BB9B2A2B919D0028FFB4 /* Products */ = {
			isa = PBXGroup;
			children = (
				E9F8BB9A2A2B919D0028FFB4 /* SwiftUI-Coordinator.app */,
			);
			name = Products;
			sourceTree = "<group>";
		};
		E9F8BB9C2A2B919D0028FFB4 /* SwiftUI-Coordinator */ = {
			isa = PBXGroup;
			children = (
				E9F8BBAE2A2B99830028FFB4 /* View */,
				E9F8BBAB2A2B960D0028FFB4 /* Coordinator */,
				E9F8BB9D2A2B919D0028FFB4 /* SwiftUI_CoordinatorApp.swift */,
				E9F8BB9F2A2B919D0028FFB4 /* ContentView.swift */,
				E9F8BBA12A2B919F0028FFB4 /* Assets.xcassets */,
				E9F8BBA32A2B919F0028FFB4 /* Preview Content */,
			);
			path = "SwiftUI-Coordinator";
			sourceTree = "<group>";
		};
		E9F8BBA32A2B919F0028FFB4 /* Preview Content */ = {
			isa = PBXGroup;
			children = (
				E9F8BBA42A2B919F0028FFB4 /* Preview Assets.xcassets */,
			);
			path = "Preview Content";
			sourceTree = "<group>";
		};
		E9F8BBAB2A2B960D0028FFB4 /* Coordinator */ = {
			isa = PBXGroup;
			children = (
				E9F8BBD52A2CFF920028FFB4 /* News */,
				E9F8BBC62A2CF38F0028FFB4 /* Profile */,
				E9F8BBB12A2B9A740028FFB4 /* Home */,
				E9F8BBCB2A2CF4EC0028FFB4 /* Router.swift */,
			);
			path = Coordinator;
			sourceTree = "<group>";
		};
		E9F8BBAE2A2B99830028FFB4 /* View */ = {
			isa = PBXGroup;
			children = (
				E9F8BBDF2A2D01500028FFB4 /* Notification */,
				E9F8BBDA2A2D00920028FFB4 /* News */,
				E9F8BBCD2A2CFDED0028FFB4 /* Contact */,
				E9F8BBC12A2CAE180028FFB4 /* Profile */,
				E9F8BBBC2A2CA72D0028FFB4 /* Login */,
				E9F8BBB72A2BA5740028FFB4 /* Purchase */,
				E9F8BBB42A2B9C1F0028FFB4 /* Home */,
			);
			path = View;
			sourceTree = "<group>";
		};
		E9F8BBB12A2B9A740028FFB4 /* Home */ = {
			isa = PBXGroup;
			children = (
				E9F8BBAC2A2B961B0028FFB4 /* HomeCoordinator.swift */,
				E9F8BBB22A2B9A860028FFB4 /* HomeRouter.swift */,
			);
			path = Home;
			sourceTree = "<group>";
		};
		E9F8BBB42A2B9C1F0028FFB4 /* Home */ = {
			isa = PBXGroup;
			children = (
				E9F8BBAF2A2B99940028FFB4 /* HomeView.swift */,
				E9F8BBB52A2B9C320028FFB4 /* HomeViewModel.swift */,
			);
			path = Home;
			sourceTree = "<group>";
		};
		E9F8BBB72A2BA5740028FFB4 /* Purchase */ = {
			isa = PBXGroup;
			children = (
				E9F8BBB82A2BA57D0028FFB4 /* PurchaseView.swift */,
				E9F8BBBA2A2BA5850028FFB4 /* PurchaseViewModel.swift */,
			);
			path = Purchase;
			sourceTree = "<group>";
		};
		E9F8BBBC2A2CA72D0028FFB4 /* Login */ = {
			isa = PBXGroup;
			children = (
				E9F8BBBD2A2CA81B0028FFB4 /* LoginView.swift */,
				E9F8BBBF2A2CA8230028FFB4 /* LoginViewModel.swift */,
			);
			path = Login;
			sourceTree = "<group>";
		};
		E9F8BBC12A2CAE180028FFB4 /* Profile */ = {
			isa = PBXGroup;
			children = (
				E9F8BBC22A2CAE200028FFB4 /* ProfileView.swift */,
				E9F8BBC42A2CAE270028FFB4 /* ProfileViewModel.swift */,
			);
			path = Profile;
			sourceTree = "<group>";
		};
		E9F8BBC62A2CF38F0028FFB4 /* Profile */ = {
			isa = PBXGroup;
			children = (
				E9F8BBC72A2CF3A50028FFB4 /* ProfileCoordinator.swift */,
				E9F8BBC92A2CF3AE0028FFB4 /* ProfileRouter.swift */,
			);
			path = Profile;
			sourceTree = "<group>";
		};
		E9F8BBCD2A2CFDED0028FFB4 /* Contact */ = {
			isa = PBXGroup;
			children = (
				E9F8BBCE2A2CFDF80028FFB4 /* ContactView.swift */,
				E9F8BBD02A2CFDFF0028FFB4 /* ContactViewModel.swift */,
			);
			path = Contact;
			sourceTree = "<group>";
		};
		E9F8BBD52A2CFF920028FFB4 /* News */ = {
			isa = PBXGroup;
			children = (
				E9F8BBD62A2CFFA00028FFB4 /* NewsCoordinator.swift */,
				E9F8BBD82A2CFFAB0028FFB4 /* NewsRouter.swift */,
			);
			path = News;
			sourceTree = "<group>";
		};
		E9F8BBDA2A2D00920028FFB4 /* News */ = {
			isa = PBXGroup;
			children = (
				E9F8BBDB2A2D009E0028FFB4 /* NewsView.swift */,
				E9F8BBDD2A2D00A50028FFB4 /* NewsViewModel.swift */,
			);
			path = News;
			sourceTree = "<group>";
		};
		E9F8BBDF2A2D01500028FFB4 /* Notification */ = {
			isa = PBXGroup;
			children = (
				E9F8BBE02A2D015C0028FFB4 /* NotificationView.swift */,
				E9F8BBE22A2D01630028FFB4 /* NotificationViewModel.swift */,
			);
			path = Notification;
			sourceTree = "<group>";
		};
/* End PBXGroup section */

/* Begin PBXNativeTarget section */
		E9F8BB992A2B919D0028FFB4 /* SwiftUI-Coordinator */ = {
			isa = PBXNativeTarget;
			buildConfigurationList = E9F8BBA82A2B919F0028FFB4 /* Build configuration list for PBXNativeTarget "SwiftUI-Coordinator" */;
			buildPhases = (
				E9F8BB962A2B919D0028FFB4 /* Sources */,
				E9F8BB972A2B919D0028FFB4 /* Frameworks */,
				E9F8BB982A2B919D0028FFB4 /* Resources */,
			);
			buildRules = (
			);
			dependencies = (
			);
			name = "SwiftUI-Coordinator";
			productName = "SwiftUI-Coordinator";
			productReference = E9F8BB9A2A2B919D0028FFB4 /* SwiftUI-Coordinator.app */;
			productType = "com.apple.product-type.application";
		};
/* End PBXNativeTarget section */

/* Begin PBXProject section */
		E9F8BB922A2B919D0028FFB4 /* Project object */ = {
			isa = PBXProject;
			attributes = {
				BuildIndependentTargetsInParallel = 1;
				LastSwiftUpdateCheck = 1430;
				LastUpgradeCheck = 1430;
				TargetAttributes = {
					E9F8BB992A2B919D0028FFB4 = {
						CreatedOnToolsVersion = 14.3.1;
					};
				};
			};
			buildConfigurationList = E9F8BB952A2B919D0028FFB4 /* Build configuration list for PBXProject "SwiftUI-Coordinator" */;
			compatibilityVersion = "Xcode 14.0";
			developmentRegion = en;
			hasScannedForEncodings = 0;
			knownRegions = (
				en,
				Base,
			);
			mainGroup = E9F8BB912A2B919D0028FFB4;
			productRefGroup = E9F8BB9B2A2B919D0028FFB4 /* Products */;
			projectDirPath = "";
			projectRoot = "";
			targets = (
				E9F8BB992A2B919D0028FFB4 /* SwiftUI-Coordinator */,
			);
		};
/* End PBXProject section */

/* Begin PBXResourcesBuildPhase section */
		E9F8BB982A2B919D0028FFB4 /* Resources */ = {
			isa = PBXResourcesBuildPhase;
			buildActionMask = 2147483647;
			files = (
				E9F8BBA52A2B919F0028FFB4 /* Preview Assets.xcassets in Resources */,
				E9F8BBA22A2B919F0028FFB4 /* Assets.xcassets in Resources */,
			);
			runOnlyForDeploymentPostprocessing = 0;
		};
/* End PBXResourcesBuildPhase section */

/* Begin PBXSourcesBuildPhase section */
		E9F8BB962A2B919D0028FFB4 /* Sources */ = {
			isa = PBXSourcesBuildPhase;
			buildActionMask = 2147483647;
			files = (
				E9F8BBB92A2BA57D0028FFB4 /* PurchaseView.swift in Sources */,
				E9F8BBBB2A2BA5850028FFB4 /* PurchaseViewModel.swift in Sources */,
				E9F8BBA02A2B919D0028FFB4 /* ContentView.swift in Sources */,
				E9F8BBE12A2D015C0028FFB4 /* NotificationView.swift in Sources */,
				E9F8BBCF2A2CFDF80028FFB4 /* ContactView.swift in Sources */,
				E9F8BBDE2A2D00A50028FFB4 /* NewsViewModel.swift in Sources */,
				E9F8BBD12A2CFDFF0028FFB4 /* ContactViewModel.swift in Sources */,
				E9F8BBBE2A2CA81B0028FFB4 /* LoginView.swift in Sources */,
				E9F8BBB62A2B9C320028FFB4 /* HomeViewModel.swift in Sources */,
				E9F8BBB02A2B99940028FFB4 /* HomeView.swift in Sources */,
				E9F8BBCA2A2CF3AE0028FFB4 /* ProfileRouter.swift in Sources */,
				E9F8BBE32A2D01630028FFB4 /* NotificationViewModel.swift in Sources */,
				E9F8BBD92A2CFFAB0028FFB4 /* NewsRouter.swift in Sources */,
				E9F8BBCC2A2CF4EC0028FFB4 /* Router.swift in Sources */,
				E9F8BBC52A2CAE270028FFB4 /* ProfileViewModel.swift in Sources */,
				E9F8BBD72A2CFFA00028FFB4 /* NewsCoordinator.swift in Sources */,
				E9F8BBDC2A2D009E0028FFB4 /* NewsView.swift in Sources */,
				E9F8BBB32A2B9A860028FFB4 /* HomeRouter.swift in Sources */,
				E9F8BBC82A2CF3A50028FFB4 /* ProfileCoordinator.swift in Sources */,
				E9F8BB9E2A2B919D0028FFB4 /* SwiftUI_CoordinatorApp.swift in Sources */,
				E9F8BBC02A2CA8230028FFB4 /* LoginViewModel.swift in Sources */,
				E9F8BBC32A2CAE200028FFB4 /* ProfileView.swift in Sources */,
				E9F8BBAD2A2B961B0028FFB4 /* HomeCoordinator.swift in Sources */,
			);
			runOnlyForDeploymentPostprocessing = 0;
		};
/* End PBXSourcesBuildPhase section */

/* Begin XCBuildConfiguration section */
		E9F8BBA62A2B919F0028FFB4 /* Debug */ = {
			isa = XCBuildConfiguration;
			buildSettings = {
				ALWAYS_SEARCH_USER_PATHS = NO;
				CLANG_ANALYZER_NONNULL = YES;
				CLANG_ANALYZER_NUMBER_OBJECT_CONVERSION = YES_AGGRESSIVE;
				CLANG_CXX_LANGUAGE_STANDARD = "gnu++20";
				CLANG_ENABLE_MODULES = YES;
				CLANG_ENABLE_OBJC_ARC = YES;
				CLANG_ENABLE_OBJC_WEAK = YES;
				CLANG_WARN_BLOCK_CAPTURE_AUTORELEASING = YES;
				CLANG_WARN_BOOL_CONVERSION = YES;
				CLANG_WARN_COMMA = YES;
				CLANG_WARN_CONSTANT_CONVERSION = YES;
				CLANG_WARN_DEPRECATED_OBJC_IMPLEMENTATIONS = YES;
				CLANG_WARN_DIRECT_OBJC_ISA_USAGE = YES_ERROR;
				CLANG_WARN_DOCUMENTATION_COMMENTS = YES;
				CLANG_WARN_EMPTY_BODY = YES;
				CLANG_WARN_ENUM_CONVERSION = YES;
				CLANG_WARN_INFINITE_RECURSION = YES;
				CLANG_WARN_INT_CONVERSION = YES;
				CLANG_WARN_NON_LITERAL_NULL_CONVERSION = YES;
				CLANG_WARN_OBJC_IMPLICIT_RETAIN_SELF = YES;
				CLANG_WARN_OBJC_LITERAL_CONVERSION = YES;
				CLANG_WARN_OBJC_ROOT_CLASS = YES_ERROR;
				CLANG_WARN_QUOTED_INCLUDE_IN_FRAMEWORK_HEADER = YES;
				CLANG_WARN_RANGE_LOOP_ANALYSIS = YES;
				CLANG_WARN_STRICT_PROTOTYPES = YES;
				CLANG_WARN_SUSPICIOUS_MOVE = YES;
				CLANG_WARN_UNGUARDED_AVAILABILITY = YES_AGGRESSIVE;
				CLANG_WARN_UNREACHABLE_CODE = YES;
				CLANG_WARN__DUPLICATE_METHOD_MATCH = YES;
				COPY_PHASE_STRIP = NO;
				DEBUG_INFORMATION_FORMAT = dwarf;
				ENABLE_STRICT_OBJC_MSGSEND = YES;
				ENABLE_TESTABILITY = YES;
				GCC_C_LANGUAGE_STANDARD = gnu11;
				GCC_DYNAMIC_NO_PIC = NO;
				GCC_NO_COMMON_BLOCKS = YES;
				GCC_OPTIMIZATION_LEVEL = 0;
				GCC_PREPROCESSOR_DEFINITIONS = (
					"DEBUG=1",
					"$(inherited)",
				);
				GCC_WARN_64_TO_32_BIT_CONVERSION = YES;
				GCC_WARN_ABOUT_RETURN_TYPE = YES_ERROR;
				GCC_WARN_UNDECLARED_SELECTOR = YES;
				GCC_WARN_UNINITIALIZED_AUTOS = YES_AGGRESSIVE;
				GCC_WARN_UNUSED_FUNCTION = YES;
				GCC_WARN_UNUSED_VARIABLE = YES;
				IPHONEOS_DEPLOYMENT_TARGET = 16.4;
				MTL_ENABLE_DEBUG_INFO = INCLUDE_SOURCE;
				MTL_FAST_MATH = YES;
				ONLY_ACTIVE_ARCH = YES;
				SDKROOT = iphoneos;
				SWIFT_ACTIVE_COMPILATION_CONDITIONS = DEBUG;
				SWIFT_OPTIMIZATION_LEVEL = "-Onone";
			};
			name = Debug;
		};
		E9F8BBA72A2B919F0028FFB4 /* Release */ = {
			isa = XCBuildConfiguration;
			buildSettings = {
				ALWAYS_SEARCH_USER_PATHS = NO;
				CLANG_ANALYZER_NONNULL = YES;
				CLANG_ANALYZER_NUMBER_OBJECT_CONVERSION = YES_AGGRESSIVE;
				CLANG_CXX_LANGUAGE_STANDARD = "gnu++20";
				CLANG_ENABLE_MODULES = YES;
				CLANG_ENABLE_OBJC_ARC = YES;
				CLANG_ENABLE_OBJC_WEAK = YES;
				CLANG_WARN_BLOCK_CAPTURE_AUTORELEASING = YES;
				CLANG_WARN_BOOL_CONVERSION = YES;
				CLANG_WARN_COMMA = YES;
				CLANG_WARN_CONSTANT_CONVERSION = YES;
				CLANG_WARN_DEPRECATED_OBJC_IMPLEMENTATIONS = YES;
				CLANG_WARN_DIRECT_OBJC_ISA_USAGE = YES_ERROR;
				CLANG_WARN_DOCUMENTATION_COMMENTS = YES;
				CLANG_WARN_EMPTY_BODY = YES;
				CLANG_WARN_ENUM_CONVERSION = YES;
				CLANG_WARN_INFINITE_RECURSION = YES;
				CLANG_WARN_INT_CONVERSION = YES;
				CLANG_WARN_NON_LITERAL_NULL_CONVERSION = YES;
				CLANG_WARN_OBJC_IMPLICIT_RETAIN_SELF = YES;
				CLANG_WARN_OBJC_LITERAL_CONVERSION = YES;
				CLANG_WARN_OBJC_ROOT_CLASS = YES_ERROR;
				CLANG_WARN_QUOTED_INCLUDE_IN_FRAMEWORK_HEADER = YES;
				CLANG_WARN_RANGE_LOOP_ANALYSIS = YES;
				CLANG_WARN_STRICT_PROTOTYPES = YES;
				CLANG_WARN_SUSPICIOUS_MOVE = YES;
				CLANG_WARN_UNGUARDED_AVAILABILITY = YES_AGGRESSIVE;
				CLANG_WARN_UNREACHABLE_CODE = YES;
				CLANG_WARN__DUPLICATE_METHOD_MATCH = YES;
				COPY_PHASE_STRIP = NO;
				DEBUG_INFORMATION_FORMAT = "dwarf-with-dsym";
				ENABLE_NS_ASSERTIONS = NO;
				ENABLE_STRICT_OBJC_MSGSEND = YES;
				GCC_C_LANGUAGE_STANDARD = gnu11;
				GCC_NO_COMMON_BLOCKS = YES;
				GCC_WARN_64_TO_32_BIT_CONVERSION = YES;
				GCC_WARN_ABOUT_RETURN_TYPE = YES_ERROR;
				GCC_WARN_UNDECLARED_SELECTOR = YES;
				GCC_WARN_UNINITIALIZED_AUTOS = YES_AGGRESSIVE;
				GCC_WARN_UNUSED_FUNCTION = YES;
				GCC_WARN_UNUSED_VARIABLE = YES;
				IPHONEOS_DEPLOYMENT_TARGET = 16.4;
				MTL_ENABLE_DEBUG_INFO = NO;
				MTL_FAST_MATH = YES;
				SDKROOT = iphoneos;
				SWIFT_COMPILATION_MODE = wholemodule;
				SWIFT_OPTIMIZATION_LEVEL = "-O";
				VALIDATE_PRODUCT = YES;
			};
			name = Release;
		};
		E9F8BBA92A2B919F0028FFB4 /* Debug */ = {
			isa = XCBuildConfiguration;
			buildSettings = {
				ASSETCATALOG_COMPILER_APPICON_NAME = AppIcon;
				ASSETCATALOG_COMPILER_GLOBAL_ACCENT_COLOR_NAME = AccentColor;
				CODE_SIGN_STYLE = Automatic;
				CURRENT_PROJECT_VERSION = 1;
				DEVELOPMENT_ASSET_PATHS = "\"SwiftUI-Coordinator/Preview Content\"";
				DEVELOPMENT_TEAM = 8F8TZUV25Z;
				ENABLE_PREVIEWS = YES;
				GENERATE_INFOPLIST_FILE = YES;
				INFOPLIST_KEY_UIApplicationSceneManifest_Generation = YES;
				INFOPLIST_KEY_UIApplicationSupportsIndirectInputEvents = YES;
				INFOPLIST_KEY_UILaunchScreen_Generation = YES;
				INFOPLIST_KEY_UISupportedInterfaceOrientations_iPad = "UIInterfaceOrientationPortrait UIInterfaceOrientationPortraitUpsideDown UIInterfaceOrientationLandscapeLeft UIInterfaceOrientationLandscapeRight";
				INFOPLIST_KEY_UISupportedInterfaceOrientations_iPhone = "UIInterfaceOrientationPortrait UIInterfaceOrientationLandscapeLeft UIInterfaceOrientationLandscapeRight";
				LD_RUNPATH_SEARCH_PATHS = (
					"$(inherited)",
					"@executable_path/Frameworks",
				);
				MARKETING_VERSION = 1.0;
				PRODUCT_BUNDLE_IDENTIFIER = "com.SwiftUI-Coordinator";
				PRODUCT_NAME = "$(TARGET_NAME)";
				SWIFT_EMIT_LOC_STRINGS = YES;
				SWIFT_VERSION = 5.0;
				TARGETED_DEVICE_FAMILY = "1,2";
			};
			name = Debug;
		};
		E9F8BBAA2A2B919F0028FFB4 /* Release */ = {
			isa = XCBuildConfiguration;
			buildSettings = {
				ASSETCATALOG_COMPILER_APPICON_NAME = AppIcon;
				ASSETCATALOG_COMPILER_GLOBAL_ACCENT_COLOR_NAME = AccentColor;
				CODE_SIGN_STYLE = Automatic;
				CURRENT_PROJECT_VERSION = 1;
				DEVELOPMENT_ASSET_PATHS = "\"SwiftUI-Coordinator/Preview Content\"";
				DEVELOPMENT_TEAM = 8F8TZUV25Z;
				ENABLE_PREVIEWS = YES;
				GENERATE_INFOPLIST_FILE = YES;
				INFOPLIST_KEY_UIApplicationSceneManifest_Generation = YES;
				INFOPLIST_KEY_UIApplicationSupportsIndirectInputEvents = YES;
				INFOPLIST_KEY_UILaunchScreen_Generation = YES;
				INFOPLIST_KEY_UISupportedInterfaceOrientations_iPad = "UIInterfaceOrientationPortrait UIInterfaceOrientationPortraitUpsideDown UIInterfaceOrientationLandscapeLeft UIInterfaceOrientationLandscapeRight";
				INFOPLIST_KEY_UISupportedInterfaceOrientations_iPhone = "UIInterfaceOrientationPortrait UIInterfaceOrientationLandscapeLeft UIInterfaceOrientationLandscapeRight";
				LD_RUNPATH_SEARCH_PATHS = (
					"$(inherited)",
					"@executable_path/Frameworks",
				);
				MARKETING_VERSION = 1.0;
				PRODUCT_BUNDLE_IDENTIFIER = "com.SwiftUI-Coordinator";
				PRODUCT_NAME = "$(TARGET_NAME)";
				SWIFT_EMIT_LOC_STRINGS = YES;
				SWIFT_VERSION = 5.0;
				TARGETED_DEVICE_FAMILY = "1,2";
			};
			name = Release;
		};
/* End XCBuildConfiguration section */

/* Begin XCConfigurationList section */
		E9F8BB952A2B919D0028FFB4 /* Build configuration list for PBXProject "SwiftUI-Coordinator" */ = {
			isa = XCConfigurationList;
			buildConfigurations = (
				E9F8BBA62A2B919F0028FFB4 /* Debug */,
				E9F8BBA72A2B919F0028FFB4 /* Release */,
			);
			defaultConfigurationIsVisible = 0;
			defaultConfigurationName = Release;
		};
		E9F8BBA82A2B919F0028FFB4 /* Build configuration list for PBXNativeTarget "SwiftUI-Coordinator" */ = {
			isa = XCConfigurationList;
			buildConfigurations = (
				E9F8BBA92A2B919F0028FFB4 /* Debug */,
				E9F8BBAA2A2B919F0028FFB4 /* Release */,
			);
			defaultConfigurationIsVisible = 0;
			defaultConfigurationName = Release;
		};
/* End XCConfigurationList section */
	};
	rootObject = E9F8BB922A2B919D0028FFB4 /* Project object */;
}
